
Microsoft Visual Studio Solution File, Format Version 12.00
# Visual Studio 14
VisualStudioVersion = 14.0.25123.0
MinimumVisualStudioVersion = 10.0.40219.1
Project("{FAE04EC0-301F-11D3-BF4B-00C04F79EFBC}") = "AutomatedTellerMachine", "AutomatedTellerMachine\AutomatedTellerMachine.csproj", "{2313AA50-9E28-4EDE-B091-9326A7B06C1F}"
EndProject
Project("{FAE04EC0-301F-11D3-BF4B-00C04F79EFBC}") = "AutomatedTellerMachine.Tests", "AutomatedTellerMachine.Tests\AutomatedTellerMachine.Tests.csproj", "{6928A1D7-8D64-4962-8978-C890D993F30C}"
EndProject
Global
	GlobalSection(SolutionConfigurationPlatforms) = preSolution
		Debug|Any CPU = Debug|Any CPU
		Release|Any CPU = Release|Any CPU
	EndGlobalSection
	GlobalSection(ProjectConfigurationPlatforms) = postSolution
		{2313AA50-9E28-4EDE-B091-9326A7B06C1F}.Debug|Any CPU.ActiveCfg = Debug|Any CPU
		{2313AA50-9E28-4EDE-B091-9326A7B06C1F}.Debug|Any CPU.Build.0 = Debug|Any CPU
		{2313AA50-9E28-4EDE-B091-9326A7B06C1F}.Release|Any CPU.ActiveCfg = Release|Any CPU
		{2313AA50-9E28-4EDE-B091-9326A7B06C1F}.Release|Any CPU.Build.0 = Release|Any CPU
		{6928A1D7-8D64-4962-8978-C890D993F30C}.Debug|Any CPU.ActiveCfg = Debug|Any CPU
		{6928A1D7-8D64-4962-8978-C890D993F30C}.Debug|Any CPU.Build.0 = Debug|Any CPU
		{6928A1D7-8D64-4962-8978-C890D993F30C}.Release|Any CPU.ActiveCfg = Release|Any CPU
		{6928A1D7-8D64-4962-8978-C890D993F30C}.Release|Any CPU.Build.0 = Release|Any CPU
	EndGlobalSection
	GlobalSection(SolutionProperties) = preSolution
		HideSolutionNode = FALSE
	EndGlobalSection
EndGlobal
